// !$*UTF8*$!
{
	archiveVersion = 1;
	classes = {
	};
	objectVersion = 46;
	objects = {

/* Begin PBXBuildFile section */
		22A33A5E8D88799441A17D8A /* Pods_myApp.framework in Frameworks */ = {isa = PBXBuildFile; fileRef = 69B2F2844677E4BE88182CC6 /* Pods_myApp.framework */; };
		617031931E4D764600761A7B /* PhotoDetailViewController.swift in Sources */ = {isa = PBXBuildFile; fileRef = 617031921E4D764600761A7B /* PhotoDetailViewController.swift */; };
		E4A590131E443CE2001293BF /* AppDelegate.swift in Sources */ = {isa = PBXBuildFile; fileRef = E4A590121E443CE2001293BF /* AppDelegate.swift */; };
		E4A590151E443CE2001293BF /* ViewController.swift in Sources */ = {isa = PBXBuildFile; fileRef = E4A590141E443CE2001293BF /* ViewController.swift */; };
		E4A590181E443CE2001293BF /* Main.storyboard in Resources */ = {isa = PBXBuildFile; fileRef = E4A590161E443CE2001293BF /* Main.storyboard */; };
		E4A5901A1E443CE2001293BF /* Assets.xcassets in Resources */ = {isa = PBXBuildFile; fileRef = E4A590191E443CE2001293BF /* Assets.xcassets */; };
		E4A5901D1E443CE2001293BF /* LaunchScreen.storyboard in Resources */ = {isa = PBXBuildFile; fileRef = E4A5901B1E443CE2001293BF /* LaunchScreen.storyboard */; };
		E4A590251E4444A0001293BF /* PhotoCell.swift in Sources */ = {isa = PBXBuildFile; fileRef = E4A590241E4444A0001293BF /* PhotoCell.swift */; };
/* End PBXBuildFile section */

/* Begin PBXFileReference section */
		3C581325254B6C87B38E3091 /* Pods-myApp.release.xcconfig */ = {isa = PBXFileReference; includeInIndex = 1; lastKnownFileType = text.xcconfig; name = "Pods-myApp.release.xcconfig"; path = "Pods/Target Support Files/Pods-myApp/Pods-myApp.release.xcconfig"; sourceTree = "<group>"; };
		56B0BFBC42FDEEC64635CF3E /* Pods-myApp.debug.xcconfig */ = {isa = PBXFileReference; includeInIndex = 1; lastKnownFileType = text.xcconfig; name = "Pods-myApp.debug.xcconfig"; path = "Pods/Target Support Files/Pods-myApp/Pods-myApp.debug.xcconfig"; sourceTree = "<group>"; };
		617031921E4D764600761A7B /* PhotoDetailViewController.swift */ = {isa = PBXFileReference; fileEncoding = 4; lastKnownFileType = sourcecode.swift; path = PhotoDetailViewController.swift; sourceTree = "<group>"; };
		69B2F2844677E4BE88182CC6 /* Pods_myApp.framework */ = {isa = PBXFileReference; explicitFileType = wrapper.framework; includeInIndex = 0; path = Pods_myApp.framework; sourceTree = BUILT_PRODUCTS_DIR; };
		E4A5900F1E443CE2001293BF /* myApp.app */ = {isa = PBXFileReference; explicitFileType = wrapper.application; includeInIndex = 0; path = myApp.app; sourceTree = BUILT_PRODUCTS_DIR; };
		E4A590121E443CE2001293BF /* AppDelegate.swift */ = {isa = PBXFileReference; lastKnownFileType = sourcecode.swift; path = AppDelegate.swift; sourceTree = "<group>"; };
		E4A590141E443CE2001293BF /* ViewController.swift */ = {isa = PBXFileReference; lastKnownFileType = sourcecode.swift; path = ViewController.swift; sourceTree = "<group>"; };
		E4A590171E443CE2001293BF /* Base */ = {isa = PBXFileReference; lastKnownFileType = file.storyboard; name = Base; path = Base.lproj/Main.storyboard; sourceTree = "<group>"; };
		E4A590191E443CE2001293BF /* Assets.xcassets */ = {isa = PBXFileReference; lastKnownFileType = folder.assetcatalog; path = Assets.xcassets; sourceTree = "<group>"; };
		E4A5901C1E443CE2001293BF /* Base */ = {isa = PBXFileReference; lastKnownFileType = file.storyboard; name = Base; path = Base.lproj/LaunchScreen.storyboard; sourceTree = "<group>"; };
		E4A5901E1E443CE2001293BF /* Info.plist */ = {isa = PBXFileReference; lastKnownFileType = text.plist.xml; path = Info.plist; sourceTree = "<group>"; };
		E4A590241E4444A0001293BF /* PhotoCell.swift */ = {isa = PBXFileReference; fileEncoding = 4; lastKnownFileType = sourcecode.swift; path = PhotoCell.swift; sourceTree = "<group>"; };
/* End PBXFileReference section */

/* Begin PBXFrameworksBuildPhase section */
		E4A5900C1E443CE2001293BF /* Frameworks */ = {
			isa = PBXFrameworksBuildPhase;
			buildActionMask = 2147483647;
			files = (
				22A33A5E8D88799441A17D8A /* Pods_myApp.framework in Frameworks */,
			);
			runOnlyForDeploymentPostprocessing = 0;
		};
/* End PBXFrameworksBuildPhase section */

/* Begin PBXGroup section */
		1CC7EB453C37629E6D8659B5 /* Pods */ = {
			isa = PBXGroup;
			children = (
				56B0BFBC42FDEEC64635CF3E /* Pods-myApp.debug.xcconfig */,
				3C581325254B6C87B38E3091 /* Pods-myApp.release.xcconfig */,
			);
			name = Pods;
			sourceTree = "<group>";
		};
		9ECB3D1AB78FC3A1239A599D /* Frameworks */ = {
			isa = PBXGroup;
			children = (
				69B2F2844677E4BE88182CC6 /* Pods_myApp.framework */,
			);
			name = Frameworks;
			sourceTree = "<group>";
		};
		E4A590061E443CE2001293BF = {
			isa = PBXGroup;
			children = (
				E4A590111E443CE2001293BF /* myApp */,
				E4A590101E443CE2001293BF /* Products */,
				1CC7EB453C37629E6D8659B5 /* Pods */,
				9ECB3D1AB78FC3A1239A599D /* Frameworks */,
			);
			sourceTree = "<group>";
		};
		E4A590101E443CE2001293BF /* Products */ = {
			isa = PBXGroup;
			children = (
				E4A5900F1E443CE2001293BF /* myApp.app */,
			);
			name = Products;
			sourceTree = "<group>";
		};
		E4A590111E443CE2001293BF /* myApp */ = {
			isa = PBXGroup;
			children = (
				E4A590121E443CE2001293BF /* AppDelegate.swift */,
				E4A590141E443CE2001293BF /* ViewController.swift */,
				E4A590161E443CE2001293BF /* Main.storyboard */,
				E4A590191E443CE2001293BF /* Assets.xcassets */,
				E4A5901B1E443CE2001293BF /* LaunchScreen.storyboard */,
				E4A5901E1E443CE2001293BF /* Info.plist */,
				E4A590241E4444A0001293BF /* PhotoCell.swift */,
				617031921E4D764600761A7B /* PhotoDetailViewController.swift */,
			);
			path = myApp;
			sourceTree = "<group>";
		};
/* End PBXGroup section */

/* Begin PBXNativeTarget section */
		E4A5900E1E443CE2001293BF /* myApp */ = {
			isa = PBXNativeTarget;
			buildConfigurationList = E4A590211E443CE2001293BF /* Build configuration list for PBXNativeTarget "myApp" */;
			buildPhases = (
				F730FB6016EDC808677A35ED /* [CP] Check Pods Manifest.lock */,
				E4A5900B1E443CE2001293BF /* Sources */,
				E4A5900C1E443CE2001293BF /* Frameworks */,
				E4A5900D1E443CE2001293BF /* Resources */,
				92F8B3535F2AACBE8A58983C /* [CP] Embed Pods Frameworks */,
				27055E20E0AA447D11164524 /* [CP] Copy Pods Resources */,
			);
			buildRules = (
			);
			dependencies = (
			);
			name = myApp;
			productName = myApp;
			productReference = E4A5900F1E443CE2001293BF /* myApp.app */;
			productType = "com.apple.product-type.application";
		};
/* End PBXNativeTarget section */

/* Begin PBXProject section */
		E4A590071E443CE2001293BF /* Project object */ = {
			isa = PBXProject;
			attributes = {
				LastSwiftUpdateCheck = 0820;
				LastUpgradeCheck = 0820;
				ORGANIZATIONNAME = "Thuan Nguyen";
				TargetAttributes = {
					E4A5900E1E443CE2001293BF = {
						CreatedOnToolsVersion = 8.2.1;
						ProvisioningStyle = Automatic;
					};
				};
			};
			buildConfigurationList = E4A5900A1E443CE2001293BF /* Build configuration list for PBXProject "myApp" */;
			compatibilityVersion = "Xcode 3.2";
			developmentRegion = English;
			hasScannedForEncodings = 0;
			knownRegions = (
				en,
				Base,
			);
			mainGroup = E4A590061E443CE2001293BF;
			productRefGroup = E4A590101E443CE2001293BF /* Products */;
			projectDirPath = "";
			projectRoot = "";
			targets = (
				E4A5900E1E443CE2001293BF /* myApp */,
			);
		};
/* End PBXProject section */

/* Begin PBXResourcesBuildPhase section */
		E4A5900D1E443CE2001293BF /* Resources */ = {
			isa = PBXResourcesBuildPhase;
			buildActionMask = 2147483647;
			files = (
				E4A5901D1E443CE2001293BF /* LaunchScreen.storyboard in Resources */,
				E4A5901A1E443CE2001293BF /* Assets.xcassets in Resources */,
				E4A590181E443CE2001293BF /* Main.storyboard in Resources */,
			);
			runOnlyForDeploymentPostprocessing = 0;
		};
/* End PBXResourcesBuildPhase section */

/* Begin PBXShellScriptBuildPhase section */
		27055E20E0AA447D11164524 /* [CP] Copy Pods Resources */ = {
			isa = PBXShellScriptBuildPhase;
			buildActionMask = 2147483647;
			files = (
			);
			inputPaths = (
			);
			name = "[CP] Copy Pods Resources";
			outputPaths = (
			);
			runOnlyForDeploymentPostprocessing = 0;
			shellPath = /bin/sh;
			shellScript = "\"${SRCROOT}/Pods/Target Support Files/Pods-myApp/Pods-myApp-resources.sh\"\n";
			showEnvVarsInLog = 0;
		};
		92F8B3535F2AACBE8A58983C /* [CP] Embed Pods Frameworks */ = {
			isa = PBXShellScriptBuildPhase;
			buildActionMask = 2147483647;
			files = (
			);
			inputPaths = (
			);
			name = "[CP] Embed Pods Frameworks";
			outputPaths = (
			);
			runOnlyForDeploymentPostprocessing = 0;
			shellPath = /bin/sh;
			shellScript = "\"${SRCROOT}/Pods/Target Support Files/Pods-myApp/Pods-myApp-frameworks.sh\"\n";
			showEnvVarsInLog = 0;
		};
		F730FB6016EDC808677A35ED /* [CP] Check Pods Manifest.lock */ = {
			isa = PBXShellScriptBuildPhase;
			buildActionMask = 2147483647;
			files = (
			);
			inputPaths = (
			);
			name = "[CP] Check Pods Manifest.lock";
			outputPaths = (
			);
			runOnlyForDeploymentPostprocessing = 0;
			shellPath = /bin/sh;
			shellScript = "diff \"${PODS_ROOT}/../Podfile.lock\" \"${PODS_ROOT}/Manifest.lock\" > /dev/null\nif [ $? != 0 ] ; then\n    # print error to STDERR\n    echo \"error: The sandbox is not in sync with the Podfile.lock. Run 'pod install' or update your CocoaPods installation.\" >&2\n    exit 1\nfi\n";
			showEnvVarsInLog = 0;
		};
/* End PBXShellScriptBuildPhase section */

/* Begin PBXSourcesBuildPhase section */
		E4A5900B1E443CE2001293BF /* Sources */ = {
			isa = PBXSourcesBuildPhase;
			buildActionMask = 2147483647;
			files = (
				E4A590151E443CE2001293BF /* ViewController.swift in Sources */,
				E4A590251E4444A0001293BF /* PhotoCell.swift in Sources */,
				617031931E4D764600761A7B /* PhotoDetailViewController.swift in Sources */,
				E4A590131E443CE2001293BF /* AppDelegate.swift in Sources */,
			);
			runOnlyForDeploymentPostprocessing = 0;
		};
/* End PBXSourcesBuildPhase section */

/* Begin PBXVariantGroup section */
		E4A590161E443CE2001293BF /* Main.storyboard */ = {
			isa = PBXVariantGroup;
			children = (
				E4A590171E443CE2001293BF /* Base */,
			);
			name = Main.storyboard;
			sourceTree = "<group>";
		};
		E4A5901B1E443CE2001293BF /* LaunchScreen.storyboard */ = {
			isa = PBXVariantGroup;
			children = (
				E4A5901C1E443CE2001293BF /* Base */,
			);
			name = LaunchScreen.storyboard;
			sourceTree = "<group>";
		};
/* End PBXVariantGroup section */

/* Begin XCBuildConfiguration section */
		E4A5901F1E443CE2001293BF /* Debug */ = {
			isa = XCBuildConfiguration;
			buildSettings = {
				ALWAYS_SEARCH_USER_PATHS = NO;
				CLANG_ANALYZER_NONNULL = YES;
				CLANG_CXX_LANGUAGE_STANDARD = "gnu++0x";
				CLANG_CXX_LIBRARY = "libc++";
				CLANG_ENABLE_MODULES = YES;
				CLANG_ENABLE_OBJC_ARC = YES;
				CLANG_WARN_BOOL_CONVERSION = YES;
				CLANG_WARN_CONSTANT_CONVERSION = YES;
				CLANG_WARN_DIRECT_OBJC_ISA_USAGE = YES_ERROR;
				CLANG_WARN_DOCUMENTATION_COMMENTS = YES;
				CLANG_WARN_EMPTY_BODY = YES;
				CLANG_WARN_ENUM_CONVERSION = YES;
				CLANG_WARN_INFINITE_RECURSION = YES;
				CLANG_WARN_INT_CONVERSION = YES;
				CLANG_WARN_OBJC_ROOT_CLASS = YES_ERROR;
				CLANG_WARN_SUSPICIOUS_MOVE = YES;
				CLANG_WARN_UNREACHABLE_CODE = YES;
				CLANG_WARN__DUPLICATE_METHOD_MATCH = YES;
				"CODE_SIGN_IDENTITY[sdk=iphoneos*]" = "iPhone Developer";
				COPY_PHASE_STRIP = NO;
				DEBUG_INFORMATION_FORMAT = dwarf;
				ENABLE_STRICT_OBJC_MSGSEND = YES;
				ENABLE_TESTABILITY = YES;
				GCC_C_LANGUAGE_STANDARD = gnu99;
				GCC_DYNAMIC_NO_PIC = NO;
				GCC_NO_COMMON_BLOCKS = YES;
				GCC_OPTIMIZATION_LEVEL = 0;
				GCC_PREPROCESSOR_DEFINITIONS = (
					"DEBUG=1",
					"$(inherited)",
				);
				GCC_WARN_64_TO_32_BIT_CONVERSION = YES;
				GCC_WARN_ABOUT_RETURN_TYPE = YES_ERROR;
				GCC_WARN_UNDECLARED_SELECTOR = YES;
				GCC_WARN_UNINITIALIZED_AUTOS = YES_AGGRESSIVE;
				GCC_WARN_UNUSED_FUNCTION = YES;
				GCC_WARN_UNUSED_VARIABLE = YES;
				IPHONEOS_DEPLOYMENT_TARGET = 10.2;
				MTL_ENABLE_DEBUG_INFO = YES;
				ONLY_ACTIVE_ARCH = YES;
				SDKROOT = iphoneos;
				SWIFT_ACTIVE_COMPILATION_CONDITIONS = DEBUG;
				SWIFT_OPTIMIZATION_LEVEL = "-Onone";
				TARGETED_DEVICE_FAMILY = "1,2";
			};
			name = Debug;
		};
		E4A590201E443CE2001293BF /* Release */ = {
			isa = XCBuildConfiguration;
			buildSettings = {
				ALWAYS_SEARCH_USER_PATHS = NO;
				CLANG_ANALYZER_NONNULL = YES;
				CLANG_CXX_LANGUAGE_STANDARD = "gnu++0x";
				CLANG_CXX_LIBRARY = "libc++";
				CLANG_ENABLE_MODULES = YES;
				CLANG_ENABLE_OBJC_ARC = YES;
				CLANG_WARN_BOOL_CONVERSION = YES;
				CLANG_WARN_CONSTANT_CONVERSION = YES;
				CLANG_WARN_DIRECT_OBJC_ISA_USAGE = YES_ERROR;
				CLANG_WARN_DOCUMENTATION_COMMENTS = YES;
				CLANG_WARN_EMPTY_BODY = YES;
				CLANG_WARN_ENUM_CONVERSION = YES;
				CLANG_WARN_INFINITE_RECURSION = YES;
				CLANG_WARN_INT_CONVERSION = YES;
				CLANG_WARN_OBJC_ROOT_CLASS = YES_ERROR;
				CLANG_WARN_SUSPICIOUS_MOVE = YES;
				CLANG_WARN_UNREACHABLE_CODE = YES;
				CLANG_WARN__DUPLICATE_METHOD_MATCH = YES;
				"CODE_SIGN_IDENTITY[sdk=iphoneos*]" = "iPhone Developer";
				COPY_PHASE_STRIP = NO;
				DEBUG_INFORMATION_FORMAT = "dwarf-with-dsym";
				ENABLE_NS_ASSERTIONS = NO;
				ENABLE_STRICT_OBJC_MSGSEND = YES;
				GCC_C_LANGUAGE_STANDARD = gnu99;
				GCC_NO_COMMON_BLOCKS = YES;
				GCC_WARN_64_TO_32_BIT_CONVERSION = YES;
				GCC_WARN_ABOUT_RETURN_TYPE = YES_ERROR;
				GCC_WARN_UNDECLARED_SELECTOR = YES;
				GCC_WARN_UNINITIALIZED_AUTOS = YES_AGGRESSIVE;
				GCC_WARN_UNUSED_FUNCTION = YES;
				GCC_WARN_UNUSED_VARIABLE = YES;
				IPHONEOS_DEPLOYMENT_TARGET = 10.2;
				MTL_ENABLE_DEBUG_INFO = NO;
				SDKROOT = iphoneos;
				SWIFT_OPTIMIZATION_LEVEL = "-Owholemodule";
				TARGETED_DEVICE_FAMILY = "1,2";
				VALIDATE_PRODUCT = YES;
			};
			name = Release;
		};
		E4A590221E443CE2001293BF /* Debug */ = {
			isa = XCBuildConfiguration;
			baseConfigurationReference = 56B0BFBC42FDEEC64635CF3E /* Pods-myApp.debug.xcconfig */;
			buildSettings = {
				ASSETCATALOG_COMPILER_APPICON_NAME = AppIcon;
				INFOPLIST_FILE = myApp/Info.plist;
				LD_RUNPATH_SEARCH_PATHS = "$(inherited) @executable_path/Frameworks";
				PRODUCT_BUNDLE_IDENTIFIER = thuanguyen.com.myApp;
				PRODUCT_NAME = "$(TARGET_NAME)";
				SWIFT_VERSION = 3.0;
			};
			name = Debug;
		};
		E4A590231E443CE2001293BF /* Release */ = {
			isa = XCBuildConfiguration;
			baseConfigurationReference = 3C581325254B6C87B38E3091 /* Pods-myApp.release.xcconfig */;
			buildSettings = {
				ASSETCATALOG_COMPILER_APPICON_NAME = AppIcon;
				INFOPLIST_FILE = myApp/Info.plist;
				LD_RUNPATH_SEARCH_PATHS = "$(inherited) @executable_path/Frameworks";
				PRODUCT_BUNDLE_IDENTIFIER = thuanguyen.com.myApp;
				PRODUCT_NAME = "$(TARGET_NAME)";
				SWIFT_VERSION = 3.0;
			};
			name = Release;
		};
/* End XCBuildConfiguration section */

/* Begin XCConfigurationList section */
		E4A5900A1E443CE2001293BF /* Build configuration list for PBXProject "myApp" */ = {
			isa = XCConfigurationList;
			buildConfigurations = (
				E4A5901F1E443CE2001293BF /* Debug */,
				E4A590201E443CE2001293BF /* Release */,
			);
			defaultConfigurationIsVisible = 0;
			defaultConfigurationName = Release;
		};
		E4A590211E443CE2001293BF /* Build configuration list for PBXNativeTarget "myApp" */ = {
			isa = XCConfigurationList;
			buildConfigurations = (
				E4A590221E443CE2001293BF /* Debug */,
				E4A590231E443CE2001293BF /* Release */,
			);
			defaultConfigurationIsVisible = 0;
			defaultConfigurationName = Release;
		};
/* End XCConfigurationList section */
	};
	rootObject = E4A590071E443CE2001293BF /* Project object */;
}
